
Microsoft Visual Studio Solution File, Format Version 12.00
# Visual Studio 15
VisualStudioVersion = 15.0.28307.421
MinimumVisualStudioVersion = 10.0.40219.1
Project("{FAE04EC0-301F-11D3-BF4B-00C04F79EFBC}") = "HelloService", "HelloService\HelloService.csproj", "{CCD87271-440A-45F8-AABD-520F73431D72}"
EndProject
Project("{FAE04EC0-301F-11D3-BF4B-00C04F79EFBC}") = "HelloServiceHost", "HelloServiceHost\HelloServiceHost.csproj", "{1D13A094-A6FB-4E10-BB48-C3E0FB462FC8}"
EndProject
Project("{FAE04EC0-301F-11D3-BF4B-00C04F79EFBC}") = "HelloServiceIISHost", "HelloServiceIISHost\HelloServiceIISHost.csproj", "{77F455F8-0029-443A-BA42-A65FEEBCCAFD}"
EndProject
Global
	GlobalSection(SolutionConfigurationPlatforms) = preSolution
		Debug|Any CPU = Debug|Any CPU
		Release|Any CPU = Release|Any CPU
	EndGlobalSection
	GlobalSection(ProjectConfigurationPlatforms) = postSolution
		{CCD87271-440A-45F8-AABD-520F73431D72}.Debug|Any CPU.ActiveCfg = Debug|Any CPU
		{CCD87271-440A-45F8-AABD-520F73431D72}.Debug|Any CPU.Build.0 = Debug|Any CPU
		{CCD87271-440A-45F8-AABD-520F73431D72}.Release|Any CPU.ActiveCfg = Release|Any CPU
		{CCD87271-440A-45F8-AABD-520F73431D72}.Release|Any CPU.Build.0 = Release|Any CPU
		{1D13A094-A6FB-4E10-BB48-C3E0FB462FC8}.Debug|Any CPU.ActiveCfg = Debug|Any CPU
		{1D13A094-A6FB-4E10-BB48-C3E0FB462FC8}.Debug|Any CPU.Build.0 = Debug|Any CPU
		{1D13A094-A6FB-4E10-BB48-C3E0FB462FC8}.Release|Any CPU.ActiveCfg = Release|Any CPU
		{1D13A094-A6FB-4E10-BB48-C3E0FB462FC8}.Release|Any CPU.Build.0 = Release|Any CPU
		{77F455F8-0029-443A-BA42-A65FEEBCCAFD}.Debug|Any CPU.ActiveCfg = Debug|Any CPU
		{77F455F8-0029-443A-BA42-A65FEEBCCAFD}.Debug|Any CPU.Build.0 = Debug|Any CPU
		{77F455F8-0029-443A-BA42-A65FEEBCCAFD}.Release|Any CPU.ActiveCfg = Release|Any CPU
		{77F455F8-0029-443A-BA42-A65FEEBCCAFD}.Release|Any CPU.Build.0 = Release|Any CPU
	EndGlobalSection
	GlobalSection(SolutionProperties) = preSolution
		HideSolutionNode = FALSE
	EndGlobalSection
	GlobalSection(ExtensibilityGlobals) = postSolution
		SolutionGuid = {7FA9A69B-F394-4C88-9D3E-B5EBAF1D0A57}
	EndGlobalSection
EndGlobal
